
Microsoft Visual Studio Solution File, Format Version 12.00
# Visual Studio 2012
Project("{FAE04EC0-301F-11D3-BF4B-00C04F79EFBC}") = "Str2RegEx", "Str2RegEx\Str2RegEx.csproj", "{24EF068C-3CD2-4457-BC2B-A823B690085D}"
EndProject
Global
	GlobalSection(SolutionConfigurationPlatforms) = preSolution
		Debug|Any CPU = Debug|Any CPU
		Release|Any CPU = Release|Any CPU
	EndGlobalSection
	GlobalSection(ProjectConfigurationPlatforms) = postSolution
		{24EF068C-3CD2-4457-BC2B-A823B690085D}.Debug|Any CPU.ActiveCfg = Debug|Any CPU
		{24EF068C-3CD2-4457-BC2B-A823B690085D}.Debug|Any CPU.Build.0 = Debug|Any CPU
		{24EF068C-3CD2-4457-BC2B-A823B690085D}.Release|Any CPU.ActiveCfg = Release|Any CPU
		{24EF068C-3CD2-4457-BC2B-A823B690085D}.Release|Any CPU.Build.0 = Release|Any CPU
	EndGlobalSection
	GlobalSection(SolutionProperties) = preSolution
		HideSolutionNode = FALSE
	EndGlobalSection
EndGlobal
